// !$*UTF8*$!
{
	archiveVersion = 1;
	classes = {
	};
	objectVersion = 46;
	objects = {

/* Begin PBXBuildFile section */
		A79BB8401F58FD8D0087D4A9 /* main.m in Sources */ = {isa = PBXBuildFile; fileRef = A79BB83F1F58FD8D0087D4A9 /* main.m */; };
		A79BB8431F58FD8D0087D4A9 /* AppDelegate.m in Sources */ = {isa = PBXBuildFile; fileRef = A79BB8421F58FD8D0087D4A9 /* AppDelegate.m */; };
		A79BB8461F58FD8D0087D4A9 /* ViewController.m in Sources */ = {isa = PBXBuildFile; fileRef = A79BB8451F58FD8D0087D4A9 /* ViewController.m */; };
		A79BB8491F58FD8D0087D4A9 /* Main.storyboard in Resources */ = {isa = PBXBuildFile; fileRef = A79BB8471F58FD8D0087D4A9 /* Main.storyboard */; };
		A79BB84B1F58FD8D0087D4A9 /* Assets.xcassets in Resources */ = {isa = PBXBuildFile; fileRef = A79BB84A1F58FD8D0087D4A9 /* Assets.xcassets */; };
		A79BB84E1F58FD8D0087D4A9 /* LaunchScreen.storyboard in Resources */ = {isa = PBXBuildFile; fileRef = A79BB84C1F58FD8D0087D4A9 /* LaunchScreen.storyboard */; };
		A79BB8591F58FD8D0087D4A9 /* KittyPigSummerTests.m in Sources */ = {isa = PBXBuildFile; fileRef = A79BB8581F58FD8D0087D4A9 /* KittyPigSummerTests.m */; };
		A79BB8641F58FD8D0087D4A9 /* KittyPigSummerUITests.m in Sources */ = {isa = PBXBuildFile; fileRef = A79BB8631F58FD8D0087D4A9 /* KittyPigSummerUITests.m */; };
		A79BB87A1F5D27DD0087D4A9 /* PuzzleViewController.m in Sources */ = {isa = PBXBuildFile; fileRef = A79BB8781F5D27DD0087D4A9 /* PuzzleViewController.m */; };
		A79BB8801F5D282B0087D4A9 /* SoundsTableViewController.m in Sources */ = {isa = PBXBuildFile; fileRef = A79BB87E1F5D282B0087D4A9 /* SoundsTableViewController.m */; };
		A79BB8811F5D282B0087D4A9 /* PigViewController.m in Sources */ = {isa = PBXBuildFile; fileRef = A79BB87F1F5D282B0087D4A9 /* PigViewController.m */; };
		A79BB8851F5D2D180087D4A9 /* MinesViewController.m in Sources */ = {isa = PBXBuildFile; fileRef = A79BB8841F5D2D180087D4A9 /* MinesViewController.m */; };
		A79BB8881F5D2DDA0087D4A9 /* LevelModel.m in Sources */ = {isa = PBXBuildFile; fileRef = A79BB8871F5D2DDA0087D4A9 /* LevelModel.m */; };
/* End PBXBuildFile section */

/* Begin PBXContainerItemProxy section */
		A79BB8551F58FD8D0087D4A9 /* PBXContainerItemProxy */ = {
			isa = PBXContainerItemProxy;
			containerPortal = A79BB8331F58FD8D0087D4A9 /* Project object */;
			proxyType = 1;
			remoteGlobalIDString = A79BB83A1F58FD8D0087D4A9;
			remoteInfo = KittyPigSummer;
		};
		A79BB8601F58FD8D0087D4A9 /* PBXContainerItemProxy */ = {
			isa = PBXContainerItemProxy;
			containerPortal = A79BB8331F58FD8D0087D4A9 /* Project object */;
			proxyType = 1;
			remoteGlobalIDString = A79BB83A1F58FD8D0087D4A9;
			remoteInfo = KittyPigSummer;
		};
/* End PBXContainerItemProxy section */

/* Begin PBXFileReference section */
		A79BB83B1F58FD8D0087D4A9 /* KittyPigSummer.app */ = {isa = PBXFileReference; explicitFileType = wrapper.application; includeInIndex = 0; path = KittyPigSummer.app; sourceTree = BUILT_PRODUCTS_DIR; };
		A79BB83F1F58FD8D0087D4A9 /* main.m */ = {isa = PBXFileReference; lastKnownFileType = sourcecode.c.objc; path = main.m; sourceTree = "<group>"; };
		A79BB8411F58FD8D0087D4A9 /* AppDelegate.h */ = {isa = PBXFileReference; lastKnownFileType = sourcecode.c.h; path = AppDelegate.h; sourceTree = "<group>"; };
		A79BB8421F58FD8D0087D4A9 /* AppDelegate.m */ = {isa = PBXFileReference; lastKnownFileType = sourcecode.c.objc; path = AppDelegate.m; sourceTree = "<group>"; };
		A79BB8441F58FD8D0087D4A9 /* ViewController.h */ = {isa = PBXFileReference; lastKnownFileType = sourcecode.c.h; path = ViewController.h; sourceTree = "<group>"; };
		A79BB8451F58FD8D0087D4A9 /* ViewController.m */ = {isa = PBXFileReference; lastKnownFileType = sourcecode.c.objc; path = ViewController.m; sourceTree = "<group>"; };
		A79BB8481F58FD8D0087D4A9 /* Base */ = {isa = PBXFileReference; lastKnownFileType = file.storyboard; name = Base; path = Base.lproj/Main.storyboard; sourceTree = "<group>"; };
		A79BB84A1F58FD8D0087D4A9 /* Assets.xcassets */ = {isa = PBXFileReference; lastKnownFileType = folder.assetcatalog; path = Assets.xcassets; sourceTree = "<group>"; };
		A79BB84D1F58FD8D0087D4A9 /* Base */ = {isa = PBXFileReference; lastKnownFileType = file.storyboard; name = Base; path = Base.lproj/LaunchScreen.storyboard; sourceTree = "<group>"; };
		A79BB84F1F58FD8D0087D4A9 /* Info.plist */ = {isa = PBXFileReference; lastKnownFileType = text.plist.xml; path = Info.plist; sourceTree = "<group>"; };
		A79BB8541F58FD8D0087D4A9 /* KittyPigSummerTests.xctest */ = {isa = PBXFileReference; explicitFileType = wrapper.cfbundle; includeInIndex = 0; path = KittyPigSummerTests.xctest; sourceTree = BUILT_PRODUCTS_DIR; };
		A79BB8581F58FD8D0087D4A9 /* KittyPigSummerTests.m */ = {isa = PBXFileReference; lastKnownFileType = sourcecode.c.objc; path = KittyPigSummerTests.m; sourceTree = "<group>"; };
		A79BB85A1F58FD8D0087D4A9 /* Info.plist */ = {isa = PBXFileReference; lastKnownFileType = text.plist.xml; path = Info.plist; sourceTree = "<group>"; };
		A79BB85F1F58FD8D0087D4A9 /* KittyPigSummerUITests.xctest */ = {isa = PBXFileReference; explicitFileType = wrapper.cfbundle; includeInIndex = 0; path = KittyPigSummerUITests.xctest; sourceTree = BUILT_PRODUCTS_DIR; };
		A79BB8631F58FD8D0087D4A9 /* KittyPigSummerUITests.m */ = {isa = PBXFileReference; lastKnownFileType = sourcecode.c.objc; path = KittyPigSummerUITests.m; sourceTree = "<group>"; };
		A79BB8651F58FD8D0087D4A9 /* Info.plist */ = {isa = PBXFileReference; lastKnownFileType = text.plist.xml; path = Info.plist; sourceTree = "<group>"; };
		A79BB8771F5D27DD0087D4A9 /* PuzzleViewController.h */ = {isa = PBXFileReference; fileEncoding = 4; lastKnownFileType = sourcecode.c.h; path = PuzzleViewController.h; sourceTree = "<group>"; };
		A79BB8781F5D27DD0087D4A9 /* PuzzleViewController.m */ = {isa = PBXFileReference; fileEncoding = 4; lastKnownFileType = sourcecode.c.objc; path = PuzzleViewController.m; sourceTree = "<group>"; };
		A79BB87C1F5D282B0087D4A9 /* PigViewController.h */ = {isa = PBXFileReference; fileEncoding = 4; lastKnownFileType = sourcecode.c.h; path = PigViewController.h; sourceTree = "<group>"; };
		A79BB87D1F5D282B0087D4A9 /* SoundsTableViewController.h */ = {isa = PBXFileReference; fileEncoding = 4; lastKnownFileType = sourcecode.c.h; path = SoundsTableViewController.h; sourceTree = "<group>"; };
		A79BB87E1F5D282B0087D4A9 /* SoundsTableViewController.m */ = {isa = PBXFileReference; fileEncoding = 4; lastKnownFileType = sourcecode.c.objc; path = SoundsTableViewController.m; sourceTree = "<group>"; };
		A79BB87F1F5D282B0087D4A9 /* PigViewController.m */ = {isa = PBXFileReference; fileEncoding = 4; lastKnownFileType = sourcecode.c.objc; path = PigViewController.m; sourceTree = "<group>"; };
		A79BB8831F5D2D180087D4A9 /* MinesViewController.h */ = {isa = PBXFileReference; fileEncoding = 4; lastKnownFileType = sourcecode.c.h; path = MinesViewController.h; sourceTree = "<group>"; };
		A79BB8841F5D2D180087D4A9 /* MinesViewController.m */ = {isa = PBXFileReference; fileEncoding = 4; lastKnownFileType = sourcecode.c.objc; path = MinesViewController.m; sourceTree = "<group>"; };
		A79BB8861F5D2DDA0087D4A9 /* LevelModel.h */ = {isa = PBXFileReference; fileEncoding = 4; lastKnownFileType = sourcecode.c.h; path = LevelModel.h; sourceTree = "<group>"; };
		A79BB8871F5D2DDA0087D4A9 /* LevelModel.m */ = {isa = PBXFileReference; fileEncoding = 4; lastKnownFileType = sourcecode.c.objc; path = LevelModel.m; sourceTree = "<group>"; };
/* End PBXFileReference section */

/* Begin PBXFrameworksBuildPhase section */
		A79BB8381F58FD8D0087D4A9 /* Frameworks */ = {
			isa = PBXFrameworksBuildPhase;
			buildActionMask = 2147483647;
			files = (
			);
			runOnlyForDeploymentPostprocessing = 0;
		};
		A79BB8511F58FD8D0087D4A9 /* Frameworks */ = {
			isa = PBXFrameworksBuildPhase;
			buildActionMask = 2147483647;
			files = (
			);
			runOnlyForDeploymentPostprocessing = 0;
		};
		A79BB85C1F58FD8D0087D4A9 /* Frameworks */ = {
			isa = PBXFrameworksBuildPhase;
			buildActionMask = 2147483647;
			files = (
			);
			runOnlyForDeploymentPostprocessing = 0;
		};
/* End PBXFrameworksBuildPhase section */

/* Begin PBXGroup section */
		A79BB8321F58FD8D0087D4A9 = {
			isa = PBXGroup;
			children = (
				A79BB83D1F58FD8D0087D4A9 /* KittyPigSummer */,
				A79BB8571F58FD8D0087D4A9 /* KittyPigSummerTests */,
				A79BB8621F58FD8D0087D4A9 /* KittyPigSummerUITests */,
				A79BB83C1F58FD8D0087D4A9 /* Products */,
			);
			sourceTree = "<group>";
		};
		A79BB83C1F58FD8D0087D4A9 /* Products */ = {
			isa = PBXGroup;
			children = (
				A79BB83B1F58FD8D0087D4A9 /* KittyPigSummer.app */,
				A79BB8541F58FD8D0087D4A9 /* KittyPigSummerTests.xctest */,
				A79BB85F1F58FD8D0087D4A9 /* KittyPigSummerUITests.xctest */,
			);
			name = Products;
			sourceTree = "<group>";
		};
		A79BB83D1F58FD8D0087D4A9 /* KittyPigSummer */ = {
			isa = PBXGroup;
			children = (
				A79BB8821F5D2BFE0087D4A9 /* Minesweeper */,
				A79BB8761F5D27B90087D4A9 /* Puzzle */,
				A79BB8411F58FD8D0087D4A9 /* AppDelegate.h */,
				A79BB8421F58FD8D0087D4A9 /* AppDelegate.m */,
				A79BB8441F58FD8D0087D4A9 /* ViewController.h */,
				A79BB8451F58FD8D0087D4A9 /* ViewController.m */,
				A79BB8471F58FD8D0087D4A9 /* Main.storyboard */,
				A79BB84A1F58FD8D0087D4A9 /* Assets.xcassets */,
				A79BB84C1F58FD8D0087D4A9 /* LaunchScreen.storyboard */,
				A79BB84F1F58FD8D0087D4A9 /* Info.plist */,
				A79BB83E1F58FD8D0087D4A9 /* Supporting Files */,
			);
			path = KittyPigSummer;
			sourceTree = "<group>";
		};
		A79BB83E1F58FD8D0087D4A9 /* Supporting Files */ = {
			isa = PBXGroup;
			children = (
				A79BB83F1F58FD8D0087D4A9 /* main.m */,
			);
			name = "Supporting Files";
			sourceTree = "<group>";
		};
		A79BB8571F58FD8D0087D4A9 /* KittyPigSummerTests */ = {
			isa = PBXGroup;
			children = (
				A79BB8581F58FD8D0087D4A9 /* KittyPigSummerTests.m */,
				A79BB85A1F58FD8D0087D4A9 /* Info.plist */,
			);
			path = KittyPigSummerTests;
			sourceTree = "<group>";
		};
		A79BB8621F58FD8D0087D4A9 /* KittyPigSummerUITests */ = {
			isa = PBXGroup;
			children = (
				A79BB8631F58FD8D0087D4A9 /* KittyPigSummerUITests.m */,
				A79BB8651F58FD8D0087D4A9 /* Info.plist */,
			);
			path = KittyPigSummerUITests;
			sourceTree = "<group>";
		};
		A79BB8761F5D27B90087D4A9 /* Puzzle */ = {
			isa = PBXGroup;
			children = (
				A79BB8771F5D27DD0087D4A9 /* PuzzleViewController.h */,
				A79BB8781F5D27DD0087D4A9 /* PuzzleViewController.m */,
				A79BB87C1F5D282B0087D4A9 /* PigViewController.h */,
				A79BB87F1F5D282B0087D4A9 /* PigViewController.m */,
				A79BB87D1F5D282B0087D4A9 /* SoundsTableViewController.h */,
				A79BB87E1F5D282B0087D4A9 /* SoundsTableViewController.m */,
			);
			path = Puzzle;
			sourceTree = "<group>";
		};
		A79BB8821F5D2BFE0087D4A9 /* Minesweeper */ = {
			isa = PBXGroup;
			children = (
				A79BB8861F5D2DDA0087D4A9 /* LevelModel.h */,
				A79BB8871F5D2DDA0087D4A9 /* LevelModel.m */,
				A79BB8831F5D2D180087D4A9 /* MinesViewController.h */,
				A79BB8841F5D2D180087D4A9 /* MinesViewController.m */,
			);
			path = Minesweeper;
			sourceTree = "<group>";
		};
/* End PBXGroup section */

/* Begin PBXNativeTarget section */
		A79BB83A1F58FD8D0087D4A9 /* KittyPigSummer */ = {
			isa = PBXNativeTarget;
			buildConfigurationList = A79BB8681F58FD8D0087D4A9 /* Build configuration list for PBXNativeTarget "KittyPigSummer" */;
			buildPhases = (
				A79BB8371F58FD8D0087D4A9 /* Sources */,
				A79BB8381F58FD8D0087D4A9 /* Frameworks */,
				A79BB8391F58FD8D0087D4A9 /* Resources */,
			);
			buildRules = (
			);
			dependencies = (
			);
			name = KittyPigSummer;
			productName = KittyPigSummer;
			productReference = A79BB83B1F58FD8D0087D4A9 /* KittyPigSummer.app */;
			productType = "com.apple.product-type.application";
		};
		A79BB8531F58FD8D0087D4A9 /* KittyPigSummerTests */ = {
			isa = PBXNativeTarget;
			buildConfigurationList = A79BB86B1F58FD8D0087D4A9 /* Build configuration list for PBXNativeTarget "KittyPigSummerTests" */;
			buildPhases = (
				A79BB8501F58FD8D0087D4A9 /* Sources */,
				A79BB8511F58FD8D0087D4A9 /* Frameworks */,
				A79BB8521F58FD8D0087D4A9 /* Resources */,
			);
			buildRules = (
			);
			dependencies = (
				A79BB8561F58FD8D0087D4A9 /* PBXTargetDependency */,
			);
			name = KittyPigSummerTests;
			productName = KittyPigSummerTests;
			productReference = A79BB8541F58FD8D0087D4A9 /* KittyPigSummerTests.xctest */;
			productType = "com.apple.product-type.bundle.unit-test";
		};
		A79BB85E1F58FD8D0087D4A9 /* KittyPigSummerUITests */ = {
			isa = PBXNativeTarget;
			buildConfigurationList = A79BB86E1F58FD8D0087D4A9 /* Build configuration list for PBXNativeTarget "KittyPigSummerUITests" */;
			buildPhases = (
				A79BB85B1F58FD8D0087D4A9 /* Sources */,
				A79BB85C1F58FD8D0087D4A9 /* Frameworks */,
				A79BB85D1F58FD8D0087D4A9 /* Resources */,
			);
			buildRules = (
			);
			dependencies = (
				A79BB8611F58FD8D0087D4A9 /* PBXTargetDependency */,
			);
			name = KittyPigSummerUITests;
			productName = KittyPigSummerUITests;
			productReference = A79BB85F1F58FD8D0087D4A9 /* KittyPigSummerUITests.xctest */;
			productType = "com.apple.product-type.bundle.ui-testing";
		};
/* End PBXNativeTarget section */

/* Begin PBXProject section */
		A79BB8331F58FD8D0087D4A9 /* Project object */ = {
			isa = PBXProject;
			attributes = {
				LastUpgradeCheck = 0830;
				ORGANIZATIONNAME = GreatGate;
				TargetAttributes = {
					A79BB83A1F58FD8D0087D4A9 = {
						CreatedOnToolsVersion = 8.3.2;
						DevelopmentTeam = X4UZC9J3G4;
						ProvisioningStyle = Automatic;
					};
					A79BB8531F58FD8D0087D4A9 = {
						CreatedOnToolsVersion = 8.3.2;
						DevelopmentTeam = X4UZC9J3G4;
						ProvisioningStyle = Automatic;
						TestTargetID = A79BB83A1F58FD8D0087D4A9;
					};
					A79BB85E1F58FD8D0087D4A9 = {
						CreatedOnToolsVersion = 8.3.2;
						DevelopmentTeam = X4UZC9J3G4;
						ProvisioningStyle = Automatic;
						TestTargetID = A79BB83A1F58FD8D0087D4A9;
					};
				};
			};
			buildConfigurationList = A79BB8361F58FD8D0087D4A9 /* Build configuration list for PBXProject "KittyPigSummer" */;
			compatibilityVersion = "Xcode 3.2";
			developmentRegion = English;
			hasScannedForEncodings = 0;
			knownRegions = (
				en,
				Base,
			);
			mainGroup = A79BB8321F58FD8D0087D4A9;
			productRefGroup = A79BB83C1F58FD8D0087D4A9 /* Products */;
			projectDirPath = "";
			projectRoot = "";
			targets = (
				A79BB83A1F58FD8D0087D4A9 /* KittyPigSummer */,
				A79BB8531F58FD8D0087D4A9 /* KittyPigSummerTests */,
				A79BB85E1F58FD8D0087D4A9 /* KittyPigSummerUITests */,
			);
		};
/* End PBXProject section */

/* Begin PBXResourcesBuildPhase section */
		A79BB8391F58FD8D0087D4A9 /* Resources */ = {
			isa = PBXResourcesBuildPhase;
			buildActionMask = 2147483647;
			files = (
				A79BB84E1F58FD8D0087D4A9 /* LaunchScreen.storyboard in Resources */,
				A79BB84B1F58FD8D0087D4A9 /* Assets.xcassets in Resources */,
				A79BB8491F58FD8D0087D4A9 /* Main.storyboard in Resources */,
			);
			runOnlyForDeploymentPostprocessing = 0;
		};
		A79BB8521F58FD8D0087D4A9 /* Resources */ = {
			isa = PBXResourcesBuildPhase;
			buildActionMask = 2147483647;
			files = (
			);
			runOnlyForDeploymentPostprocessing = 0;
		};
		A79BB85D1F58FD8D0087D4A9 /* Resources */ = {
			isa = PBXResourcesBuildPhase;
			buildActionMask = 2147483647;
			files = (
			);
			runOnlyForDeploymentPostprocessing = 0;
		};
/* End PBXResourcesBuildPhase section */

/* Begin PBXSourcesBuildPhase section */
		A79BB8371F58FD8D0087D4A9 /* Sources */ = {
			isa = PBXSourcesBuildPhase;
			buildActionMask = 2147483647;
			files = (
				A79BB8881F5D2DDA0087D4A9 /* LevelModel.m in Sources */,
				A79BB8461F58FD8D0087D4A9 /* ViewController.m in Sources */,
				A79BB8801F5D282B0087D4A9 /* SoundsTableViewController.m in Sources */,
				A79BB8431F58FD8D0087D4A9 /* AppDelegate.m in Sources */,
				A79BB8811F5D282B0087D4A9 /* PigViewController.m in Sources */,
				A79BB87A1F5D27DD0087D4A9 /* PuzzleViewController.m in Sources */,
				A79BB8401F58FD8D0087D4A9 /* main.m in Sources */,
				A79BB8851F5D2D180087D4A9 /* MinesViewController.m in Sources */,
			);
			runOnlyForDeploymentPostprocessing = 0;
		};
		A79BB8501F58FD8D0087D4A9 /* Sources */ = {
			isa = PBXSourcesBuildPhase;
			buildActionMask = 2147483647;
			files = (
				A79BB8591F58FD8D0087D4A9 /* KittyPigSummerTests.m in Sources */,
			);
			runOnlyForDeploymentPostprocessing = 0;
		};
		A79BB85B1F58FD8D0087D4A9 /* Sources */ = {
			isa = PBXSourcesBuildPhase;
			buildActionMask = 2147483647;
			files = (
				A79BB8641F58FD8D0087D4A9 /* KittyPigSummerUITests.m in Sources */,
			);
			runOnlyForDeploymentPostprocessing = 0;
		};
/* End PBXSourcesBuildPhase section */

/* Begin PBXTargetDependency section */
		A79BB8561F58FD8D0087D4A9 /* PBXTargetDependency */ = {
			isa = PBXTargetDependency;
			target = A79BB83A1F58FD8D0087D4A9 /* KittyPigSummer */;
			targetProxy = A79BB8551F58FD8D0087D4A9 /* PBXContainerItemProxy */;
		};
		A79BB8611F58FD8D0087D4A9 /* PBXTargetDependency */ = {
			isa = PBXTargetDependency;
			target = A79BB83A1F58FD8D0087D4A9 /* KittyPigSummer */;
			targetProxy = A79BB8601F58FD8D0087D4A9 /* PBXContainerItemProxy */;
		};
/* End PBXTargetDependency section */

/* Begin PBXVariantGroup section */
		A79BB8471F58FD8D0087D4A9 /* Main.storyboard */ = {
			isa = PBXVariantGroup;
			children = (
				A79BB8481F58FD8D0087D4A9 /* Base */,
			);
			name = Main.storyboard;
			sourceTree = "<group>";
		};
		A79BB84C1F58FD8D0087D4A9 /* LaunchScreen.storyboard */ = {
			isa = PBXVariantGroup;
			children = (
				A79BB84D1F58FD8D0087D4A9 /* Base */,
			);
			name = LaunchScreen.storyboard;
			sourceTree = "<group>";
		};
/* End PBXVariantGroup section */

/* Begin XCBuildConfiguration section */
		A79BB8661F58FD8D0087D4A9 /* Debug */ = {
			isa = XCBuildConfiguration;
			buildSettings = {
				ALWAYS_SEARCH_USER_PATHS = NO;
				CLANG_ANALYZER_NONNULL = YES;
				CLANG_ANALYZER_NUMBER_OBJECT_CONVERSION = YES_AGGRESSIVE;
				CLANG_CXX_LANGUAGE_STANDARD = "gnu++0x";
				CLANG_CXX_LIBRARY = "libc++";
				CLANG_ENABLE_MODULES = YES;
				CLANG_ENABLE_OBJC_ARC = YES;
				CLANG_WARN_BOOL_CONVERSION = YES;
				CLANG_WARN_CONSTANT_CONVERSION = YES;
				CLANG_WARN_DIRECT_OBJC_ISA_USAGE = YES_ERROR;
				CLANG_WARN_DOCUMENTATION_COMMENTS = YES;
				CLANG_WARN_EMPTY_BODY = YES;
				CLANG_WARN_ENUM_CONVERSION = YES;
				CLANG_WARN_INFINITE_RECURSION = YES;
				CLANG_WARN_INT_CONVERSION = YES;
				CLANG_WARN_OBJC_ROOT_CLASS = YES_ERROR;
				CLANG_WARN_SUSPICIOUS_MOVE = YES;
				CLANG_WARN_UNREACHABLE_CODE = YES;
				CLANG_WARN__DUPLICATE_METHOD_MATCH = YES;
				"CODE_SIGN_IDENTITY[sdk=iphoneos*]" = "iPhone Developer";
				COPY_PHASE_STRIP = NO;
				DEBUG_INFORMATION_FORMAT = dwarf;
				ENABLE_STRICT_OBJC_MSGSEND = YES;
				ENABLE_TESTABILITY = YES;
				GCC_C_LANGUAGE_STANDARD = gnu99;
				GCC_DYNAMIC_NO_PIC = NO;
				GCC_NO_COMMON_BLOCKS = YES;
				GCC_OPTIMIZATION_LEVEL = 0;
				GCC_PREPROCESSOR_DEFINITIONS = (
					"DEBUG=1",
					"$(inherited)",
				);
				GCC_WARN_64_TO_32_BIT_CONVERSION = YES;
				GCC_WARN_ABOUT_RETURN_TYPE = YES_ERROR;
				GCC_WARN_UNDECLARED_SELECTOR = YES;
				GCC_WARN_UNINITIALIZED_AUTOS = YES_AGGRESSIVE;
				GCC_WARN_UNUSED_FUNCTION = YES;
				GCC_WARN_UNUSED_VARIABLE = YES;
				IPHONEOS_DEPLOYMENT_TARGET = 10.3;
				MTL_ENABLE_DEBUG_INFO = YES;
				ONLY_ACTIVE_ARCH = YES;
				SDKROOT = iphoneos;
			};
			name = Debug;
		};
		A79BB8671F58FD8D0087D4A9 /* Release */ = {
			isa = XCBuildConfiguration;
			buildSettings = {
				ALWAYS_SEARCH_USER_PATHS = NO;
				CLANG_ANALYZER_NONNULL = YES;
				CLANG_ANALYZER_NUMBER_OBJECT_CONVERSION = YES_AGGRESSIVE;
				CLANG_CXX_LANGUAGE_STANDARD = "gnu++0x";
				CLANG_CXX_LIBRARY = "libc++";
				CLANG_ENABLE_MODULES = YES;
				CLANG_ENABLE_OBJC_ARC = YES;
				CLANG_WARN_BOOL_CONVERSION = YES;
				CLANG_WARN_CONSTANT_CONVERSION = YES;
				CLANG_WARN_DIRECT_OBJC_ISA_USAGE = YES_ERROR;
				CLANG_WARN_DOCUMENTATION_COMMENTS = YES;
				CLANG_WARN_EMPTY_BODY = YES;
				CLANG_WARN_ENUM_CONVERSION = YES;
				CLANG_WARN_INFINITE_RECURSION = YES;
				CLANG_WARN_INT_CONVERSION = YES;
				CLANG_WARN_OBJC_ROOT_CLASS = YES_ERROR;
				CLANG_WARN_SUSPICIOUS_MOVE = YES;
				CLANG_WARN_UNREACHABLE_CODE = YES;
				CLANG_WARN__DUPLICATE_METHOD_MATCH = YES;
				"CODE_SIGN_IDENTITY[sdk=iphoneos*]" = "iPhone Developer";
				COPY_PHASE_STRIP = NO;
				DEBUG_INFORMATION_FORMAT = "dwarf-with-dsym";
				ENABLE_NS_ASSERTIONS = NO;
				ENABLE_STRICT_OBJC_MSGSEND = YES;
				GCC_C_LANGUAGE_STANDARD = gnu99;
				GCC_NO_COMMON_BLOCKS = YES;
				GCC_WARN_64_TO_32_BIT_CONVERSION = YES;
				GCC_WARN_ABOUT_RETURN_TYPE = YES_ERROR;
				GCC_WARN_UNDECLARED_SELECTOR = YES;
				GCC_WARN_UNINITIALIZED_AUTOS = YES_AGGRESSIVE;
				GCC_WARN_UNUSED_FUNCTION = YES;
				GCC_WARN_UNUSED_VARIABLE = YES;
				IPHONEOS_DEPLOYMENT_TARGET = 10.3;
				MTL_ENABLE_DEBUG_INFO = NO;
				SDKROOT = iphoneos;
				VALIDATE_PRODUCT = YES;
			};
			name = Release;
		};
		A79BB8691F58FD8D0087D4A9 /* Debug */ = {
			isa = XCBuildConfiguration;
			buildSettings = {
				ASSETCATALOG_COMPILER_APPICON_NAME = AppIcon;
				DEVELOPMENT_TEAM = X4UZC9J3G4;
				INFOPLIST_FILE = KittyPigSummer/Info.plist;
				IPHONEOS_DEPLOYMENT_TARGET = 8.0;
				LD_RUNPATH_SEARCH_PATHS = "$(inherited) @executable_path/Frameworks";
				PRODUCT_BUNDLE_IDENTIFIER = ahui.Puzzle8Game;
				PRODUCT_NAME = "$(TARGET_NAME)";
			};
			name = Debug;
		};
		A79BB86A1F58FD8D0087D4A9 /* Release */ = {
			isa = XCBuildConfiguration;
			buildSettings = {
				ASSETCATALOG_COMPILER_APPICON_NAME = AppIcon;
				DEVELOPMENT_TEAM = X4UZC9J3G4;
				INFOPLIST_FILE = KittyPigSummer/Info.plist;
				IPHONEOS_DEPLOYMENT_TARGET = 8.0;
				LD_RUNPATH_SEARCH_PATHS = "$(inherited) @executable_path/Frameworks";
				PRODUCT_BUNDLE_IDENTIFIER = ahui.Puzzle8Game;
				PRODUCT_NAME = "$(TARGET_NAME)";
			};
			name = Release;
		};
		A79BB86C1F58FD8D0087D4A9 /* Debug */ = {
			isa = XCBuildConfiguration;
			buildSettings = {
				BUNDLE_LOADER = "$(TEST_HOST)";
				DEVELOPMENT_TEAM = X4UZC9J3G4;
				INFOPLIST_FILE = KittyPigSummerTests/Info.plist;
				LD_RUNPATH_SEARCH_PATHS = "$(inherited) @executable_path/Frameworks @loader_path/Frameworks";
				PRODUCT_BUNDLE_IDENTIFIER = com.greatgate.KittyPigSummerTests;
				PRODUCT_NAME = "$(TARGET_NAME)";
				TEST_HOST = "$(BUILT_PRODUCTS_DIR)/KittyPigSummer.app/KittyPigSummer";
			};
			name = Debug;
		};
		A79BB86D1F58FD8D0087D4A9 /* Release */ = {
			isa = XCBuildConfiguration;
			buildSettings = {
				BUNDLE_LOADER = "$(TEST_HOST)";
				DEVELOPMENT_TEAM = X4UZC9J3G4;
				INFOPLIST_FILE = KittyPigSummerTests/Info.plist;
				LD_RUNPATH_SEARCH_PATHS = "$(inherited) @executable_path/Frameworks @loader_path/Frameworks";
				PRODUCT_BUNDLE_IDENTIFIER = com.greatgate.KittyPigSummerTests;
				PRODUCT_NAME = "$(TARGET_NAME)";
				TEST_HOST = "$(BUILT_PRODUCTS_DIR)/KittyPigSummer.app/KittyPigSummer";
			};
			name = Release;
		};
		A79BB86F1F58FD8D0087D4A9 /* Debug */ = {
			isa = XCBuildConfiguration;
			buildSettings = {
				DEVELOPMENT_TEAM = X4UZC9J3G4;
				INFOPLIST_FILE = KittyPigSummerUITests/Info.plist;
				LD_RUNPATH_SEARCH_PATHS = "$(inherited) @executable_path/Frameworks @loader_path/Frameworks";
				PRODUCT_BUNDLE_IDENTIFIER = com.greatgate.KittyPigSummerUITests;
				PRODUCT_NAME = "$(TARGET_NAME)";
				TEST_TARGET_NAME = KittyPigSummer;
			};
			name = Debug;
		};
		A79BB8701F58FD8D0087D4A9 /* Release */ = {
			isa = XCBuildConfiguration;
			buildSettings = {
				DEVELOPMENT_TEAM = X4UZC9J3G4;
				INFOPLIST_FILE = KittyPigSummerUITests/Info.plist;
				LD_RUNPATH_SEARCH_PATHS = "$(inherited) @executable_path/Frameworks @loader_path/Frameworks";
				PRODUCT_BUNDLE_IDENTIFIER = com.greatgate.KittyPigSummerUITests;
				PRODUCT_NAME = "$(TARGET_NAME)";
				TEST_TARGET_NAME = KittyPigSummer;
			};
			name = Release;
		};
/* End XCBuildConfiguration section */

/* Begin XCConfigurationList section */
		A79BB8361F58FD8D0087D4A9 /* Build configuration list for PBXProject "KittyPigSummer" */ = {
			isa = XCConfigurationList;
			buildConfigurations = (
				A79BB8661F58FD8D0087D4A9 /* Debug */,
				A79BB8671F58FD8D0087D4A9 /* Release */,
			);
			defaultConfigurationIsVisible = 0;
			defaultConfigurationName = Release;
		};
		A79BB8681F58FD8D0087D4A9 /* Build configuration list for PBXNativeTarget "KittyPigSummer" */ = {
			isa = XCConfigurationList;
			buildConfigurations = (
				A79BB8691F58FD8D0087D4A9 /* Debug */,
				A79BB86A1F58FD8D0087D4A9 /* Release */,
			);
			defaultConfigurationIsVisible = 0;
			defaultConfigurationName = Release;
		};
		A79BB86B1F58FD8D0087D4A9 /* Build configuration list for PBXNativeTarget "KittyPigSummerTests" */ = {
			isa = XCConfigurationList;
			buildConfigurations = (
				A79BB86C1F58FD8D0087D4A9 /* Debug */,
				A79BB86D1F58FD8D0087D4A9 /* Release */,
			);
			defaultConfigurationIsVisible = 0;
			defaultConfigurationName = Release;
		};
		A79BB86E1F58FD8D0087D4A9 /* Build configuration list for PBXNativeTarget "KittyPigSummerUITests" */ = {
			isa = XCConfigurationList;
			buildConfigurations = (
				A79BB86F1F58FD8D0087D4A9 /* Debug */,
				A79BB8701F58FD8D0087D4A9 /* Release */,
			);
			defaultConfigurationIsVisible = 0;
			defaultConfigurationName = Release;
		};
/* End XCConfigurationList section */
	};
	rootObject = A79BB8331F58FD8D0087D4A9 /* Project object */;
}
